
Microsoft Visual Studio Solution File, Format Version 12.00
# Visual Studio Version 17
VisualStudioVersion = 17.0.31903.59
MinimumVisualStudioVersion = 10.0.40219.1
Project("{FAE04EC0-301F-11D3-BF4B-00C04F79EFBC}") = "minimal-api", "api\minimal-api.csproj", "{7095A23C-6370-49D8-986F-CEEF73FB24DF}"
EndProject
Project("{FAE04EC0-301F-11D3-BF4B-00C04F79EFBC}") = "Test", "Test\Test.csproj", "{4A8B9D9D-2A37-4547-8EDA-E9B2A1D87DF4}"
EndProject
Global
	GlobalSection(SolutionConfigurationPlatforms) = preSolution
		Debug|Any CPU = Debug|Any CPU
		Release|Any CPU = Release|Any CPU
	EndGlobalSection
	GlobalSection(SolutionProperties) = preSolution
		HideSolutionNode = FALSE
	EndGlobalSection
	GlobalSection(ProjectConfigurationPlatforms) = postSolution
		{7095A23C-6370-49D8-986F-CEEF73FB24DF}.Debug|Any CPU.ActiveCfg = Debug|Any CPU
		{7095A23C-6370-49D8-986F-CEEF73FB24DF}.Debug|Any CPU.Build.0 = Debug|Any CPU
		{7095A23C-6370-49D8-986F-CEEF73FB24DF}.Release|Any CPU.ActiveCfg = Release|Any CPU
		{7095A23C-6370-49D8-986F-CEEF73FB24DF}.Release|Any CPU.Build.0 = Release|Any CPU
		{4A8B9D9D-2A37-4547-8EDA-E9B2A1D87DF4}.Debug|Any CPU.ActiveCfg = Debug|Any CPU
		{4A8B9D9D-2A37-4547-8EDA-E9B2A1D87DF4}.Debug|Any CPU.Build.0 = Debug|Any CPU
		{4A8B9D9D-2A37-4547-8EDA-E9B2A1D87DF4}.Release|Any CPU.ActiveCfg = Release|Any CPU
		{4A8B9D9D-2A37-4547-8EDA-E9B2A1D87DF4}.Release|Any CPU.Build.0 = Release|Any CPU
	EndGlobalSection
EndGlobal
